
Microsoft Visual Studio Solution File, Format Version 12.00
# Visual Studio Version 17
VisualStudioVersion = 17.4.33205.214
MinimumVisualStudioVersion = 10.0.40219.1
Project("{FAE04EC0-301F-11D3-BF4B-00C04F79EFBC}") = "Lista de Tarefas", "Lista de Tarefas\Lista de Tarefas.csproj", "{9C613C1A-B7BB-436B-9FE0-F17ACEC38C6D}"
EndProject
Global
	GlobalSection(SolutionConfigurationPlatforms) = preSolution
		Debug|Any CPU = Debug|Any CPU
		Release|Any CPU = Release|Any CPU
	EndGlobalSection
	GlobalSection(ProjectConfigurationPlatforms) = postSolution
		{9C613C1A-B7BB-436B-9FE0-F17ACEC38C6D}.Debug|Any CPU.ActiveCfg = Debug|Any CPU
		{9C613C1A-B7BB-436B-9FE0-F17ACEC38C6D}.Debug|Any CPU.Build.0 = Debug|Any CPU
		{9C613C1A-B7BB-436B-9FE0-F17ACEC38C6D}.Release|Any CPU.ActiveCfg = Release|Any CPU
		{9C613C1A-B7BB-436B-9FE0-F17ACEC38C6D}.Release|Any CPU.Build.0 = Release|Any CPU
	EndGlobalSection
	GlobalSection(SolutionProperties) = preSolution
		HideSolutionNode = FALSE
	EndGlobalSection
	GlobalSection(ExtensibilityGlobals) = postSolution
		SolutionGuid = {AD7FCE6D-421E-4F48-B58B-952F14B4A357}
	EndGlobalSection
EndGlobal
